
Microsoft Visual Studio Solution File, Format Version 12.00
# Visual Studio 2013
VisualStudioVersion = 12.0.31101.0
MinimumVisualStudioVersion = 10.0.40219.1
Project("{2150E333-8FDC-42A3-9474-1A3956D46DE8}") = ".nuget", ".nuget", "{F1CF3775-DE7C-47D0-AF62-50338A1A3FEE}"
	ProjectSection(SolutionItems) = preProject
		.nuget\NuGet.Config = .nuget\NuGet.Config
		.nuget\NuGet.exe = .nuget\NuGet.exe
		.nuget\NuGet.targets = .nuget\NuGet.targets
	EndProjectSection
EndProject
Project("{2150E333-8FDC-42A3-9474-1A3956D46DE8}") = "Core", "Core", "{9B1329C8-BF43-4C2A-A92D-BB18BC6CD365}"
EndProject
Project("{FAE04EC0-301F-11D3-BF4B-00C04F79EFBC}") = "Piranha", "Core\Piranha\Piranha.csproj", "{C5E2B115-51A8-46A9-90F5-49248CD34128}"
EndProject
Project("{FAE04EC0-301F-11D3-BF4B-00C04F79EFBC}") = "Piranha.Tests", "Core\Piranha.Tests\Piranha.Tests.csproj", "{9C3E1B54-2520-408E-B69E-628A37230579}"
EndProject
Project("{FAE04EC0-301F-11D3-BF4B-00C04F79EFBC}") = "Piranha.Manager", "Core\Piranha.Manager\Piranha.Manager.csproj", "{F6CDC5D7-FF0F-43D6-A461-EDE30975840F}"
EndProject
Project("{2150E333-8FDC-42A3-9474-1A3956D46DE8}") = "Examples", "Examples", "{DDAB7D52-8913-477E-8513-DBF7063FD8BD}"
EndProject
Project("{FAE04EC0-301F-11D3-BF4B-00C04F79EFBC}") = "PiranhaCMS", "Examples\PiranhaCMS\PiranhaCMS.csproj", "{F9C20690-AB70-4AC2-922F-683B8CA4EF9F}"
EndProject
Project("{2150E333-8FDC-42A3-9474-1A3956D46DE8}") = "Modules", "Modules", "{DAA6C4C6-9608-48B9-9FD6-F60865C469C0}"
EndProject
Project("{FAE04EC0-301F-11D3-BF4B-00C04F79EFBC}") = "Piranha.Feed", "Modules\Piranha.Feed\Piranha.Feed.csproj", "{821CD5E2-95A3-4CFF-9FF3-1EC595E18111}"
EndProject
Project("{FAE04EC0-301F-11D3-BF4B-00C04F79EFBC}") = "Piranha.Akismet", "Modules\Piranha.Akismet\Piranha.Akismet.csproj", "{DBCD4738-E675-41EE-ACFE-93407C185B0A}"
EndProject
Project("{2150E333-8FDC-42A3-9474-1A3956D46DE8}") = "Data", "Data", "{845F328A-7064-4AD9-9951-DB085658493D}"
EndProject
Project("{FAE04EC0-301F-11D3-BF4B-00C04F79EFBC}") = "Piranha.EntityFramework", "Data\Piranha.EntityFramework\Piranha.EntityFramework.csproj", "{1437778B-13F8-40C8-9FF6-1E511D93EBAD}"
EndProject
Project("{FAE04EC0-301F-11D3-BF4B-00C04F79EFBC}") = "Piranha.EntityFramework.Tests", "Data\Piranha.EntityFramework.Tests\Piranha.EntityFramework.Tests.csproj", "{D92595AE-7C9E-41E5-BB32-B68E5CB44CF1}"
EndProject
Project("{FAE04EC0-301F-11D3-BF4B-00C04F79EFBC}") = "Piranha.Routing", "Core\Piranha.Routing\Piranha.Routing.csproj", "{551009FB-1F65-48DE-95AC-B70EB0A5F269}"
EndProject
Project("{2150E333-8FDC-42A3-9474-1A3956D46DE8}") = "Env", "Env", "{C3C0F731-30D6-4E13-BA16-AE2B0975CD31}"
EndProject
Project("{FAE04EC0-301F-11D3-BF4B-00C04F79EFBC}") = "Piranha.AspNet", "Env\Piranha.AspNet\Piranha.AspNet.csproj", "{27FC302C-B059-4C87-A146-310A1056B5D8}"
EndProject
Project("{FAE04EC0-301F-11D3-BF4B-00C04F79EFBC}") = "Piranha.AspNet.Mvc", "Env\Piranha.AspNet.Mvc\Piranha.AspNet.Mvc.csproj", "{19B7F1D4-18B1-4190-AAF5-3CCB9DEABCB0}"
EndProject
Global
	GlobalSection(SolutionConfigurationPlatforms) = preSolution
		Debug|Any CPU = Debug|Any CPU
		Release|Any CPU = Release|Any CPU
	EndGlobalSection
	GlobalSection(ProjectConfigurationPlatforms) = postSolution
		{C5E2B115-51A8-46A9-90F5-49248CD34128}.Debug|Any CPU.ActiveCfg = Debug|Any CPU
		{C5E2B115-51A8-46A9-90F5-49248CD34128}.Debug|Any CPU.Build.0 = Debug|Any CPU
		{C5E2B115-51A8-46A9-90F5-49248CD34128}.Release|Any CPU.ActiveCfg = Release|Any CPU
		{C5E2B115-51A8-46A9-90F5-49248CD34128}.Release|Any CPU.Build.0 = Release|Any CPU
		{9C3E1B54-2520-408E-B69E-628A37230579}.Debug|Any CPU.ActiveCfg = Debug|Any CPU
		{9C3E1B54-2520-408E-B69E-628A37230579}.Debug|Any CPU.Build.0 = Debug|Any CPU
		{9C3E1B54-2520-408E-B69E-628A37230579}.Release|Any CPU.ActiveCfg = Release|Any CPU
		{9C3E1B54-2520-408E-B69E-628A37230579}.Release|Any CPU.Build.0 = Release|Any CPU
		{F6CDC5D7-FF0F-43D6-A461-EDE30975840F}.Debug|Any CPU.ActiveCfg = Debug|Any CPU
		{F6CDC5D7-FF0F-43D6-A461-EDE30975840F}.Debug|Any CPU.Build.0 = Debug|Any CPU
		{F6CDC5D7-FF0F-43D6-A461-EDE30975840F}.Release|Any CPU.ActiveCfg = Release|Any CPU
		{F6CDC5D7-FF0F-43D6-A461-EDE30975840F}.Release|Any CPU.Build.0 = Release|Any CPU
		{F9C20690-AB70-4AC2-922F-683B8CA4EF9F}.Debug|Any CPU.ActiveCfg = Debug|Any CPU
		{F9C20690-AB70-4AC2-922F-683B8CA4EF9F}.Debug|Any CPU.Build.0 = Debug|Any CPU
		{F9C20690-AB70-4AC2-922F-683B8CA4EF9F}.Release|Any CPU.ActiveCfg = Release|Any CPU
		{F9C20690-AB70-4AC2-922F-683B8CA4EF9F}.Release|Any CPU.Build.0 = Release|Any CPU
		{821CD5E2-95A3-4CFF-9FF3-1EC595E18111}.Debug|Any CPU.ActiveCfg = Debug|Any CPU
		{821CD5E2-95A3-4CFF-9FF3-1EC595E18111}.Debug|Any CPU.Build.0 = Debug|Any CPU
		{821CD5E2-95A3-4CFF-9FF3-1EC595E18111}.Release|Any CPU.ActiveCfg = Release|Any CPU
		{821CD5E2-95A3-4CFF-9FF3-1EC595E18111}.Release|Any CPU.Build.0 = Release|Any CPU
		{DBCD4738-E675-41EE-ACFE-93407C185B0A}.Debug|Any CPU.ActiveCfg = Debug|Any CPU
		{DBCD4738-E675-41EE-ACFE-93407C185B0A}.Debug|Any CPU.Build.0 = Debug|Any CPU
		{DBCD4738-E675-41EE-ACFE-93407C185B0A}.Release|Any CPU.ActiveCfg = Release|Any CPU
		{DBCD4738-E675-41EE-ACFE-93407C185B0A}.Release|Any CPU.Build.0 = Release|Any CPU
		{1437778B-13F8-40C8-9FF6-1E511D93EBAD}.Debug|Any CPU.ActiveCfg = Debug|Any CPU
		{1437778B-13F8-40C8-9FF6-1E511D93EBAD}.Debug|Any CPU.Build.0 = Debug|Any CPU
		{1437778B-13F8-40C8-9FF6-1E511D93EBAD}.Release|Any CPU.ActiveCfg = Release|Any CPU
		{1437778B-13F8-40C8-9FF6-1E511D93EBAD}.Release|Any CPU.Build.0 = Release|Any CPU
		{D92595AE-7C9E-41E5-BB32-B68E5CB44CF1}.Debug|Any CPU.ActiveCfg = Debug|Any CPU
		{D92595AE-7C9E-41E5-BB32-B68E5CB44CF1}.Debug|Any CPU.Build.0 = Debug|Any CPU
		{D92595AE-7C9E-41E5-BB32-B68E5CB44CF1}.Release|Any CPU.ActiveCfg = Release|Any CPU
		{D92595AE-7C9E-41E5-BB32-B68E5CB44CF1}.Release|Any CPU.Build.0 = Release|Any CPU
		{551009FB-1F65-48DE-95AC-B70EB0A5F269}.Debug|Any CPU.ActiveCfg = Debug|Any CPU
		{551009FB-1F65-48DE-95AC-B70EB0A5F269}.Debug|Any CPU.Build.0 = Debug|Any CPU
		{551009FB-1F65-48DE-95AC-B70EB0A5F269}.Release|Any CPU.ActiveCfg = Release|Any CPU
		{551009FB-1F65-48DE-95AC-B70EB0A5F269}.Release|Any CPU.Build.0 = Release|Any CPU
		{27FC302C-B059-4C87-A146-310A1056B5D8}.Debug|Any CPU.ActiveCfg = Debug|Any CPU
		{27FC302C-B059-4C87-A146-310A1056B5D8}.Debug|Any CPU.Build.0 = Debug|Any CPU
		{27FC302C-B059-4C87-A146-310A1056B5D8}.Release|Any CPU.ActiveCfg = Release|Any CPU
		{27FC302C-B059-4C87-A146-310A1056B5D8}.Release|Any CPU.Build.0 = Release|Any CPU
		{19B7F1D4-18B1-4190-AAF5-3CCB9DEABCB0}.Debug|Any CPU.ActiveCfg = Debug|Any CPU
		{19B7F1D4-18B1-4190-AAF5-3CCB9DEABCB0}.Debug|Any CPU.Build.0 = Debug|Any CPU
		{19B7F1D4-18B1-4190-AAF5-3CCB9DEABCB0}.Release|Any CPU.ActiveCfg = Release|Any CPU
		{19B7F1D4-18B1-4190-AAF5-3CCB9DEABCB0}.Release|Any CPU.Build.0 = Release|Any CPU
	EndGlobalSection
	GlobalSection(SolutionProperties) = preSolution
		HideSolutionNode = FALSE
	EndGlobalSection
	GlobalSection(NestedProjects) = preSolution
		{C5E2B115-51A8-46A9-90F5-49248CD34128} = {9B1329C8-BF43-4C2A-A92D-BB18BC6CD365}
		{9C3E1B54-2520-408E-B69E-628A37230579} = {9B1329C8-BF43-4C2A-A92D-BB18BC6CD365}
		{F6CDC5D7-FF0F-43D6-A461-EDE30975840F} = {9B1329C8-BF43-4C2A-A92D-BB18BC6CD365}
		{F9C20690-AB70-4AC2-922F-683B8CA4EF9F} = {DDAB7D52-8913-477E-8513-DBF7063FD8BD}
		{821CD5E2-95A3-4CFF-9FF3-1EC595E18111} = {DAA6C4C6-9608-48B9-9FD6-F60865C469C0}
		{DBCD4738-E675-41EE-ACFE-93407C185B0A} = {DAA6C4C6-9608-48B9-9FD6-F60865C469C0}
		{1437778B-13F8-40C8-9FF6-1E511D93EBAD} = {845F328A-7064-4AD9-9951-DB085658493D}
		{D92595AE-7C9E-41E5-BB32-B68E5CB44CF1} = {845F328A-7064-4AD9-9951-DB085658493D}
		{551009FB-1F65-48DE-95AC-B70EB0A5F269} = {9B1329C8-BF43-4C2A-A92D-BB18BC6CD365}
		{27FC302C-B059-4C87-A146-310A1056B5D8} = {C3C0F731-30D6-4E13-BA16-AE2B0975CD31}
		{19B7F1D4-18B1-4190-AAF5-3CCB9DEABCB0} = {C3C0F731-30D6-4E13-BA16-AE2B0975CD31}
	EndGlobalSection
EndGlobal
